{
    "_meta": {
        "sources": [
            {
                "url": "https://pypi.python.org/simple",
                "verify_ssl": true
            }
        ],
        "requires": {},
        "hash": {
            "sha256": "9585eec23ddd701293471fe6bfb0a2f0116a12f2639e5f713496fb6036a37830"
        }
    },
    "default": {
        "click": {
            "hash": "sha256:29f99fc6125fbc931b758dc053b3114e55c77a6e4c6c3a2674a2dc986016381d",
            "version": "==6.7"
        },
        "dominate": {
            "hash": "sha256:4b8ce6f33633c9dd9175b228d21c00c801b6bd0327747cd5e17fc2da934c3a69",
            "version": "==2.3.1"
        },
        "Flask": {
            "hash": "sha256:7f03bb2c255452444f7265eddb51601806e5447b6f8a2d50bbc77a654a14c118",
            "version": "==0.12"
        },
        "flask-api": {
            "hash": "sha256:1c79ccc34ceb9a8ac02dd32bbd1c0c0472a5db4c4e2811bb88749a522bb1d182",
            "version": "==0.6.9"
        },
        "flask-bootstrap": {
            "hash": "sha256:cb08ed940183f6343a64e465e83b3a3f13c53e1baabb8d72b5da4545ef123ac8",
            "version": "==3.3.7.1"
        },
        "flask-menu": {
            "hash": "sha256:b01027cb3ee697485bdf94fb0db3bd6b7424b32ebaacc178d2691374c9bdd862",
            "version": "==0.5.1"
        },
        "flask-mongoengine": {
            "hash": "sha256:f746e8ec78e40482f8861dd15427b714fb395b4461754521371819745cf0502a",
            "version": "==0.8.2"
        },
        "flask-script": {
            "hash": "sha256:cef76eac751396355429a14c38967bb14d4973c53e07dec94af5cc8fb017107f",
            "version": "==2.0.5"
        },
        "flask-sendgrid": {
            "hash": "sha256:e2437a997dfa2bb32a663ea6b88ea6e3afacf3397651e68a4a6a9b16472fc249",
            "version": "==0.5.2"
        },
        "Flask-WTF": {
            "hash": "sha256:d9a9e366b32dcbb98ef17228e76be15702cd2600675668bca23f63a7947fd5ac",
            "version": "==0.14.2"
        },
        "gunicorn": {
            "hash": "sha256:723234ea1fa8dff370ab69830ba8bc37469a7cba13fd66055faeef24085e6530",
            "version": "==19.6.0"
        },
        "itsdangerous": {
            "hash": "sha256:cbb3fcf8d3e33df861709ecaf89d9e6629cff0a217bc2848f1b41cd30d360519",
            "version": "==0.24"
        },
        "Jinja2": {
            "hash": "sha256:a7b7438120dbe76a8e735ef7eba6048eaf4e0b7dbc530e100812f8ec462a4d50",
            "version": "==2.9.5"
        },
        "MarkupSafe": {
            "hash": "sha256:a4ec1aff59b95a14b45eb2e23761a0179e98319da5a7eb76b56ea8cdc7b871c3",
            "version": "==0.23"
        },
        "marshmallow": {
            "hash": "sha256:0f1822fb98b09b6d523f9c5d6d53f5e62793a962e96a81ea8b776e634ff0fa3a",
            "version": "==2.13.0"
        },
        "mongoengine": {
            "hash": "sha256:39532b0d2d26de3bb2bb174fef0209bb1925f81942b999808050d99917c0c6b9",
            "version": "==0.11.0"
        },
        "pymongo": {
            "hash": "sha256:d359349c6c9ff9f482805f89e66e476846317dc7b1eea979d7da9c0857ee2721",
            "version": "==3.4.0"
        },
        "python-http-client": {
            "hash": "sha256:2e86716cdc68c28bf25fd64786246cb2d91a6803dd3a4e1028204f1e63ee90bc",
            "version": "==2.2.1"
        },
        "sendgrid": {
            "hash": "sha256:804cad97607c7885e302dd42754ddbee046567d1509020048e1d44d3c7024679",
            "version": "==3.6.3"
        },
        "six": {
            "hash": "sha256:0ff78c403d9bccf5a425a6d31a12aa6b47f1c21ca4dc2573a7e2f32a97335eb1",
            "version": "==1.10.0"
        },
        "visitor": {
            "hash": "sha256:2c737903b2b6864ebc6167eef7cf3b997126f1aa94bdf590f90f1436d23e480a",
            "version": "==0.1.3"
        },
        "webargs": {
            "hash": "sha256:d6b5b67b1fbe6780a8a49c17a7e25f524d527f1fa5b6ddc702be9116159fdee4",
            "version": "==1.5.3"
        },
        "Werkzeug": {
            "hash": "sha256:c6f6f89124df0514d886782c658c3e12f2caaa94da34cee3fd82eebf4ebf052b",
            "version": "==0.11.15"
        },
        "WTForms": {
            "hash": "sha256:ffdf10bd1fa565b8233380cb77a304cd36fd55c73023e91d4b803c96bc11d46f",
            "version": "==2.1"
        }
    },
    "develop": {
        "appdirs": {
            "hash": "sha256:566f148ff9f2e9a36912637a4ab1eaf708a499255d42a055c59dd0549507583d",
            "version": "==1.4.1"
        },
        "astroid": {
            "hash": "sha256:944400d94e45865af150fb98700b27b788ddee5ad17c77d0725f67ac271f7a10",
            "version": "==1.4.9"
        },
        "backports.shutil-get-terminal-size": {
            "hash": "sha256:0975ba55054c15e346944b38956a4c9cbee9009391e41b86c68990effb8c1f64",
            "version": "==1.0.0"
        },
        "colorama": {
            "hash": "sha256:a4c0f5bc358a62849653471e309dcc991223cf86abafbec17cd8f41327279e89",
            "version": "==0.3.7"
        },
        "coverage": {
            "hash": "sha256:8b282292973a1dc4eccfcc0776e0fde75b5b3de2e35164c2d854f7dd80149e4b",
            "version": "==4.3.4"
        },
        "coverage.space": {
            "hash": "sha256:07d4a01a500f4070597fa3aa4ee3a305abcb02c20ea6d24a09d6fc3ca9a655df",
            "version": "==0.7"
        },
        "docopt": {
            "hash": "sha256:49b3a825280bd66b3aa83585ef59c4a8c82f2c8a522dbe754a8bc8d08c85c491",
            "version": "==0.6.2"
        },
        "honcho": {
            "hash": "sha256:502887f3ee7897e9e3f22edb57c52cb69391006f54a81a93c0f366b19c084d09",
            "version": "==0.7.1"
        },
        "isort": {
            "hash": "sha256:a0c38c1c5e4c70ea1141daa80c740372ad94351e92e9e07da1cd86ce65653dc4",
            "version": "==4.2.5"
        },
        "lazy-object-proxy": {
            "hash": "sha256:ddd4cf1c74279c349cb7b9c54a2efa5105854f57de5f2d35829ee93631564268",
            "version": "==1.2.2"
        },
        "mccabe": {
            "hash": "sha256:ab8a6258860da4b6677da4bd2fe5dc2c659cff31b3ee4f7f5d64e79735b80d42",
            "version": "==0.6.1"
        },
        "nose": {
            "hash": "sha256:9ff7c6cc443f8c51994b34a667bbcf45afd6d945be7477b52e97516fd17c53ac",
            "version": "==1.3.7"
        },
        "packaging": {
            "hash": "sha256:99276dc6e3a7851f32027a68f1095cd3f77c148091b092ea867a351811cfe388",
            "version": "==16.8"
        },
        "py": {
            "hash": "sha256:2d4bba2e25fff58140e6bdce1e485e89bb59776adbe01d490baa6b1f37a3dd6b",
            "version": "==1.4.32"
        },
        "pycodestyle": {
            "hash": "sha256:6c4245ade1edfad79c3446fadfc96b0de2759662dc29d07d80a6f27ad1ca6ba9",
            "version": "==2.3.1"
        },
        "pydocstyle": {
            "hash": "sha256:20939fb9c2d61a9870449573d9ed762ec040c764b2241bec22c5ea956b9caf90",
            "version": "==1.1.1"
        },
        "pylint": {
            "hash": "sha256:c15405aa2a8b982c059ad7e76effe7c7531490af08890a2fcb0c64c9e25b70f9",
            "version": "==1.6.5"
        },
        "pyparsing": {
            "hash": "sha256:67101d7acee692962f33dd30b5dce079ff532dd9aa99ff48d52a3dad51d2fe84",
            "version": "==2.1.10"
        },
        "pytest": {
            "hash": "sha256:da0ab50c7eec0683bc24f1c1137db1f4111752054ecdad63125e7ec71316b813",
            "version": "==3.0.6"
        },
        "pytest-describe": {
            "hash": "sha256:c592f1294e4455cebe88f162a1475e347c0668ce256c4d1a4ccd21d6c5f51827",
            "version": "==0.11.0"
        },
        "pytest-random": {
            "hash": "sha256:92f25db8c5d9ffc20d90b51997b914372d6955cb9cf1f6ead45b90514fc0eddd",
            "version": "==0.02"
        },
        "pytest-cov": {
            "hash": "sha256:10e37e876f49ddec80d6c83a54b657157f1387ebc0f7755285f8c156130014a1",
            "version": "==2.4.0"
        },
        "pytest-expecter": {
            "hash": "sha256:9c6ed4d26df0e80a31b2c6ad86a959593f0c5b2459ea366496c45d9bbd9d358a",
            "version": "==0.2.2.post3"
        },
        "python-termstyle": {
            "hash": "sha256:f42a6bb16fbfc5e2c66d553e7ad46524ea833872f75ee5d827c15115fafc94e2",
            "version": "==0.1.10"
        },
        "requests": {
            "hash": "sha256:1a720e8862a41aa22e339373b526f508ef0c8988baf48b84d3fc891a8e237efb",
            "version": "==2.13.0"
        },
        "setuptools": {
            "hash": "sha256:75d352eeeddd96a3fb702b1da9f8b89e5f8c045dbd86e3894516733eb5f99713",
            "version": "==34.2.0"
        },
        "six": {
            "hash": "sha256:0ff78c403d9bccf5a425a6d31a12aa6b47f1c21ca4dc2573a7e2f32a97335eb1",
            "version": "==1.10.0"
        },
        "sniffer": {
            "hash": "sha256:e8a0daa4c51dff3d00482b45dc9b978159100a8d5a7df327c28ed96586559970",
            "version": "==0.4.0"
        },
        "wrapt": {
            "hash": "sha256:4ea17e814e39883c6cf1bb9b0835d316b2f69f0f0882ffe7dad1ede66ba82c73",
            "version": "==1.10.8"
        }
    }
}
